
Microsoft Visual Studio Solution File, Format Version 12.00
# Visual Studio 15
VisualStudioVersion = 15.0.28307.271
MinimumVisualStudioVersion = 10.0.40219.1
Project("{9092AA53-FB77-4645-B42D-1CCCA6BD08BD}") = "COMP308FinalProject", "COMP308FinalProject\COMP308FinalProject.njsproj", "{B6676EEE-73A1-4EF7-98A4-84F77208BDD7}"
EndProject
Global
	GlobalSection(SolutionConfigurationPlatforms) = preSolution
		Debug|Any CPU = Debug|Any CPU
		Release|Any CPU = Release|Any CPU
	EndGlobalSection
	GlobalSection(ProjectConfigurationPlatforms) = postSolution
		{B6676EEE-73A1-4EF7-98A4-84F77208BDD7}.Debug|Any CPU.ActiveCfg = Debug|Any CPU
		{B6676EEE-73A1-4EF7-98A4-84F77208BDD7}.Debug|Any CPU.Build.0 = Debug|Any CPU
		{B6676EEE-73A1-4EF7-98A4-84F77208BDD7}.Release|Any CPU.ActiveCfg = Release|Any CPU
		{B6676EEE-73A1-4EF7-98A4-84F77208BDD7}.Release|Any CPU.Build.0 = Release|Any CPU
	EndGlobalSection
	GlobalSection(SolutionProperties) = preSolution
		HideSolutionNode = FALSE
	EndGlobalSection
	GlobalSection(ExtensibilityGlobals) = postSolution
		SolutionGuid = {21C58B41-855A-474F-9DF7-7C8EAE20C50C}
	EndGlobalSection
EndGlobal
